{
  "name": "better-jobs",
  "version": "1.0.0",
  "lockfileVersion": 2,
  "requires": true,
  "packages": {
    "": {
      "name": "better-jobs",
      "version": "1.0.0",
      "license": "ISC",
      "dependencies": {
        "chrome-types": "^0.1.285"
      }
    },
    "node_modules/chrome-types": {
      "version": "0.1.285",
      "resolved": "https://registry.npmjs.org/chrome-types/-/chrome-types-0.1.285.tgz",
      "integrity": "sha512-ySNvNKe63VHJTTpdLAWug2XyKpGLRY7gT593Ibb1CEm4zluDmE4Ii7G+g8qE0KFVKD6YxsntoOCJryjzajWfeQ=="
    }
  },
  "dependencies": {
    "chrome-types": {
      "version": "0.1.285",
      "resolved": "https://registry.npmjs.org/chrome-types/-/chrome-types-0.1.285.tgz",
      "integrity": "sha512-ySNvNKe63VHJTTpdLAWug2XyKpGLRY7gT593Ibb1CEm4zluDmE4Ii7G+g8qE0KFVKD6YxsntoOCJryjzajWfeQ=="
    }
  }
}
